<?xml version="1.0" encoding="utf-8"?>
<Project ToolsVersion="4.0" xmlns="http://schemas.microsoft.com/developer/msbuild/2003">
  <ItemGroup>
    <Filter Include="Source Files">
      <UniqueIdentifier>{4FC737F1-C7A5-4376-A066-2A32D752A2FF}</UniqueIdentifier>
      <Extensions>cpp;c;cc;cxx;def;odl;idl;hpj;bat;asm;asmx</Extensions>
    </Filter>
    <Filter Include="Header Files">
      <UniqueIdentifier>{93995380-89BD-4b04-88EB-625FBE52EBFB}</UniqueIdentifier>
      <Extensions>h;hh;hpp;hxx;hm;inl;inc;ipp;xsd</Extensions>
    </Filter>
    <Filter Include="Resource Files">
      <UniqueIdentifier>{67DA6AB6-F800-4c08-8B7A-83BB121AAD01}</UniqueIdentifier>
      <Extensions>rc;ico;cur;bmp;dlg;rc2;rct;bin;rgs;gif;jpg;jpeg;jpe;resx;tiff;tif;png;wav;mfcribbon-ms</Extensions>
    </Filter>
  </ItemGroup>
  <ItemGroup>
    <ClInclude Include="LSAccess.h">
      <Filter>Header Files</Filter>
    </ClInclude>
    <ClInclude Include="LinnStrument.h">
      <Filter>Header Files</Filter>
    </ClInclude>
    <ClInclude Include="LSAccessFrame.h">
      <Filter>Header Files</Filter>
    </ClInclude>
    <ClInclude Include="LSPerSplit.h">
      <Filter>Header Files</Filter>
    </ClInclude>
    <ClInclude Include="LSOctaveTranspose.h">
      <Filter>Header Files</Filter>
    </ClInclude>
    <ClInclude Include="LSEnums.h">
      <Filter>Header Files</Filter>
    </ClInclude>
    <ClInclude Include="SequencerPage.h">
      <Filter>Header Files</Filter>
    </ClInclude>
    <ClInclude Include="BendPage.h">
      <Filter>Header Files</Filter>
    </ClInclude>
    <ClInclude Include="ColorsPage.h">
      <Filter>Header Files</Filter>
    </ClInclude>
    <ClInclude Include="PerSplitFrame.h">
      <Filter>Header Files</Filter>
    </ClInclude>
    <ClInclude Include="FadersPage.h">
      <Filter>Header Files</Filter>
    </ClInclude>
    <ClInclude Include="AxesPage.h">
      <Filter>Header Files</Filter>
    </ClInclude>
    <ClInclude Include="LowRowPage.h">
      <Filter>Header Files</Filter>
    </ClInclude>
    <ClInclude Include="SpecialPage.h">
      <Filter>Header Files</Filter>
    </ClInclude>
    <ClInclude Include="MIDISplitPage.h">
      <Filter>Header Files</Filter>
    </ClInclude>
    <ClInclude Include="SequencerFrame.h">
      <Filter>Header Files</Filter>
    </ClInclude>
    <ClInclude Include="GlobalsFrame.h">
      <Filter>Header Files</Filter>
    </ClInclude>
    <ClInclude Include="LSGlobals.h">
      <Filter>Header Files</Filter>
    </ClInclude>
    <ClInclude Include="GlobalsNoteLightsPage.h">
      <Filter>Header Files</Filter>
    </ClInclude>
    <ClInclude Include="GlobalsAccentNoteLightsPage.h">
      <Filter>Header Files</Filter>
    </ClInclude>
    <ClInclude Include="GlobalsTuningsPage.h">
      <Filter>Header Files</Filter>
    </ClInclude>
    <ClInclude Include="OctaveTransposeFrame.h">
      <Filter>Header Files</Filter>
    </ClInclude>
    <ClInclude Include="OctaveTransposePage.h">
      <Filter>Header Files</Filter>
    </ClInclude>
    <ClInclude Include="VelocityPressurePage.h">
      <Filter>Header Files</Filter>
    </ClInclude>
    <ClInclude Include="GlobalsArpPage.h">
      <Filter>Header Files</Filter>
    </ClInclude>
    <ClInclude Include="PresetsVolumesFrame.h">
      <Filter>Header Files</Filter>
    </ClInclude>
    <ClInclude Include="PresetsVolumesPage.h">
      <Filter>Header Files</Filter>
    </ClInclude>
    <ClInclude Include="GlobalsPowerMIDIPage.h">
      <Filter>Header Files</Filter>
    </ClInclude>
    <ClInclude Include="PanelSwitchesPage.h">
      <Filter>Header Files</Filter>
    </ClInclude>
    <ClInclude Include="FootSwitchesPage.h">
      <Filter>Header Files</Filter>
    </ClInclude>
    <ClInclude Include="SwitchesFrame.h">
      <Filter>Header Files</Filter>
    </ClInclude>
    <ClInclude Include="GlobalsVelocityPressurePage.h">
      <Filter>Header Files</Filter>
    </ClInclude>
    <ClInclude Include="GlobalsSplitPage.h">
      <Filter>Header Files</Filter>
    </ClInclude>
    <ClInclude Include="MIDIDialog.h">
      <Filter>Header Files</Filter>
    </ClInclude>
    <ClInclude Include="MIDI.h">
      <Filter>Header Files</Filter>
    </ClInclude>
  </ItemGroup>
  <ItemGroup>
    <ClCompile Include="LSAccess.cpp">
      <Filter>Source Files</Filter>
    </ClCompile>
    <ClCompile Include="LSAccessFrame.cpp">
      <Filter>Source Files</Filter>
    </ClCompile>
    <ClCompile Include="LinnStrument.cpp">
      <Filter>Source Files</Filter>
    </ClCompile>
    <ClCompile Include="LSPerSplit.cpp">
      <Filter>Source Files</Filter>
    </ClCompile>
    <ClCompile Include="LSOctaveTranspose.cpp">
      <Filter>Source Files</Filter>
    </ClCompile>
    <ClCompile Include="SequencerPage.cpp">
      <Filter>Source Files</Filter>
    </ClCompile>
    <ClCompile Include="BendPage.cpp">
      <Filter>Source Files</Filter>
    </ClCompile>
    <ClCompile Include="ColorsPage.cpp">
      <Filter>Source Files</Filter>
    </ClCompile>
    <ClCompile Include="PerSplitFrame.cpp">
      <Filter>Source Files</Filter>
    </ClCompile>
    <ClCompile Include="FadersPage.cpp">
      <Filter>Source Files</Filter>
    </ClCompile>
    <ClCompile Include="AxesPage.cpp">
      <Filter>Source Files</Filter>
    </ClCompile>
    <ClCompile Include="LowRowPage.cpp">
      <Filter>Source Files</Filter>
    </ClCompile>
    <ClCompile Include="SpecialPage.cpp">
      <Filter>Source Files</Filter>
    </ClCompile>
    <ClCompile Include="MIDISplitPage.cpp">
      <Filter>Source Files</Filter>
    </ClCompile>
    <ClCompile Include="GlobalsFrame.cpp">
      <Filter>Source Files</Filter>
    </ClCompile>
    <ClCompile Include="SequencerFrame.cpp">
      <Filter>Source Files</Filter>
    </ClCompile>
    <ClCompile Include="GlobalsNoteLightsPage.cpp">
      <Filter>Source Files</Filter>
    </ClCompile>
    <ClCompile Include="GlobalsAccentNoteLightsPage.cpp">
      <Filter>Source Files</Filter>
    </ClCompile>
    <ClCompile Include="GlobalsTuningsPage.cpp">
      <Filter>Source Files</Filter>
    </ClCompile>
    <ClCompile Include="OctaveTransposePage.cpp">
      <Filter>Source Files</Filter>
    </ClCompile>
    <ClCompile Include="OctaveTransposeFrame.cpp">
      <Filter>Source Files</Filter>
    </ClCompile>
    <ClCompile Include="PresetsVolumesFrame.cpp">
      <Filter>Source Files</Filter>
    </ClCompile>
    <ClCompile Include="PresetsVolumesPage.cpp">
      <Filter>Source Files</Filter>
    </ClCompile>
    <ClCompile Include="GlobalsPowerMIDIPage.cpp">
      <Filter>Source Files</Filter>
    </ClCompile>
    <ClCompile Include="FootSwitchesPage.cpp">
      <Filter>Source Files</Filter>
    </ClCompile>
    <ClCompile Include="PanelSwitchesPage.cpp">
      <Filter>Source Files</Filter>
    </ClCompile>
    <ClCompile Include="SwitchesFrame.cpp">
      <Filter>Source Files</Filter>
    </ClCompile>
    <ClCompile Include="GlobalsArpPage.cpp">
      <Filter>Source Files</Filter>
    </ClCompile>
    <ClCompile Include="GlobalsVelocityPressurePage.cpp">
      <Filter>Source Files</Filter>
    </ClCompile>
    <ClCompile Include="GlobalsSplitPage.cpp">
      <Filter>Source Files</Filter>
    </ClCompile>
    <ClCompile Include="MIDIDialog.cpp">
      <Filter>Source Files</Filter>
    </ClCompile>
    <ClCompile Include="MIDI.cpp">
      <Filter>Source Files</Filter>
    </ClCompile>
  </ItemGroup>
  <ItemGroup>
    <ResourceCompile Include="LSAccess.rc">
      <Filter>Resource Files</Filter>
    </ResourceCompile>
  </ItemGroup>
  <ItemGroup>
    <Image Include="small.ico">
      <Filter>Resource Files</Filter>
    </Image>
    <Image Include="LSAccess.ico">
      <Filter>Resource Files</Filter>
    </Image>
  </ItemGroup>
</Project>